
Microsoft Visual Studio Solution File, Format Version 12.00
# Visual Studio Version 17
VisualStudioVersion = 17.0.31903.59
MinimumVisualStudioVersion = 10.0.40219.1
Project("{2150E333-8FDC-42A3-9474-1A3956D46DE8}") = "src", "src", "{FE627AE0-FF87-47E9-AC8C-2EB7C4484B0F}"
EndProject
Project("{FAE04EC0-301F-11D3-BF4B-00C04F79EFBC}") = "Nizam.Domain", "src\Nizam.Domain\Nizam.Domain.csproj", "{3653E4EA-C2E6-42D9-8C56-3F929A7BDA01}"
EndProject
Project("{FAE04EC0-301F-11D3-BF4B-00C04F79EFBC}") = "Nizam.Scheduling", "src\Nizam.Scheduling\Nizam.Scheduling.csproj", "{6AC0133E-CA17-4AE0-A4F3-4EC3144B1056}"
EndProject
Project("{FAE04EC0-301F-11D3-BF4B-00C04F79EFBC}") = "Nizam.Application", "src\Nizam.Application\Nizam.Application.csproj", "{31631418-DD37-45FD-B6F7-CCD8A7B07D9A}"
EndProject
Project("{FAE04EC0-301F-11D3-BF4B-00C04F79EFBC}") = "Nizam.Infrastructure", "src\Nizam.Infrastructure\Nizam.Infrastructure.csproj", "{87B2E709-562E-4DC5-9E98-1F7E3CE69D0D}"
EndProject
Project("{FAE04EC0-301F-11D3-BF4B-00C04F79EFBC}") = "Nizam.Shared", "src\Nizam.Shared\Nizam.Shared.csproj", "{A96168B4-DACA-4871-AB99-63F307FDF13D}"
EndProject
Project("{FAE04EC0-301F-11D3-BF4B-00C04F79EFBC}") = "Nizam.Automation.Contracts", "src\Nizam.Automation.Contracts\Nizam.Automation.Contracts.csproj", "{1EF96870-C6B4-49F0-AA49-F5DCF6BABB8C}"
EndProject
Project("{FAE04EC0-301F-11D3-BF4B-00C04F79EFBC}") = "Nizam.Api", "src\Nizam.Api\Nizam.Api.csproj", "{02C092AD-58F8-411E-8359-4E0E2B36A0A3}"
EndProject
Project("{2150E333-8FDC-42A3-9474-1A3956D46DE8}") = "tests", "tests", "{24DD1DD9-454E-456D-809A-3B395936AB2C}"
EndProject
Project("{FAE04EC0-301F-11D3-BF4B-00C04F79EFBC}") = "Nizam.Domain.Tests", "tests\Nizam.Domain.Tests\Nizam.Domain.Tests.csproj", "{DE71787D-881C-4B49-ABF8-C6F5BE7EE2CA}"
EndProject
Project("{FAE04EC0-301F-11D3-BF4B-00C04F79EFBC}") = "Nizam.Application.Tests", "tests\Nizam.Application.Tests\Nizam.Application.Tests.csproj", "{C3566276-C48D-4EFB-8819-0BA4532D487C}"
EndProject
Project("{FAE04EC0-301F-11D3-BF4B-00C04F79EFBC}") = "Nizam.Scheduling.Tests", "tests\Nizam.Scheduling.Tests\Nizam.Scheduling.Tests.csproj", "{3B475E48-1207-48EA-98E9-F48AB9B2F7C7}"
EndProject
Project("{FAE04EC0-301F-11D3-BF4B-00C04F79EFBC}") = "Nizam.Infrastructure.Tests", "tests\Nizam.Infrastructure.Tests\Nizam.Infrastructure.Tests.csproj", "{135D14C9-99A4-4AB6-93F3-C00D395BB443}"
EndProject
Project("{FAE04EC0-301F-11D3-BF4B-00C04F79EFBC}") = "Nizam.Api.IntegrationTests", "tests\Nizam.Api.IntegrationTests\Nizam.Api.IntegrationTests.csproj", "{444DE67B-223C-410E-96A6-C196BA01E4E6}"
EndProject
Project("{FAE04EC0-301F-11D3-BF4B-00C04F79EFBC}") = "Nizam.Desktop.Tests", "tests\Nizam.Desktop.Tests\Nizam.Desktop.Tests.csproj", "{1345B994-82C1-4772-B9F0-A5DA6BB72B34}"
EndProject
Project("{FAE04EC0-301F-11D3-BF4B-00C04F79EFBC}") = "Nizam.Desktop", "src\Nizam.Desktop\Nizam.Desktop.csproj", "{DAC94F6C-802B-47E7-AA14-FAD31425556A}"
EndProject
Global
	GlobalSection(SolutionConfigurationPlatforms) = preSolution
		Debug|Any CPU = Debug|Any CPU
		Release|Any CPU = Release|Any CPU
	EndGlobalSection
	GlobalSection(SolutionProperties) = preSolution
		HideSolutionNode = FALSE
	EndGlobalSection
	GlobalSection(ProjectConfigurationPlatforms) = postSolution
		{3653E4EA-C2E6-42D9-8C56-3F929A7BDA01}.Debug|Any CPU.ActiveCfg = Debug|Any CPU
		{3653E4EA-C2E6-42D9-8C56-3F929A7BDA01}.Debug|Any CPU.Build.0 = Debug|Any CPU
		{3653E4EA-C2E6-42D9-8C56-3F929A7BDA01}.Release|Any CPU.ActiveCfg = Release|Any CPU
		{3653E4EA-C2E6-42D9-8C56-3F929A7BDA01}.Release|Any CPU.Build.0 = Release|Any CPU
		{6AC0133E-CA17-4AE0-A4F3-4EC3144B1056}.Debug|Any CPU.ActiveCfg = Debug|Any CPU
		{6AC0133E-CA17-4AE0-A4F3-4EC3144B1056}.Debug|Any CPU.Build.0 = Debug|Any CPU
		{6AC0133E-CA17-4AE0-A4F3-4EC3144B1056}.Release|Any CPU.ActiveCfg = Release|Any CPU
		{6AC0133E-CA17-4AE0-A4F3-4EC3144B1056}.Release|Any CPU.Build.0 = Release|Any CPU
		{31631418-DD37-45FD-B6F7-CCD8A7B07D9A}.Debug|Any CPU.ActiveCfg = Debug|Any CPU
		{31631418-DD37-45FD-B6F7-CCD8A7B07D9A}.Debug|Any CPU.Build.0 = Debug|Any CPU
		{31631418-DD37-45FD-B6F7-CCD8A7B07D9A}.Release|Any CPU.ActiveCfg = Release|Any CPU
		{31631418-DD37-45FD-B6F7-CCD8A7B07D9A}.Release|Any CPU.Build.0 = Release|Any CPU
		{87B2E709-562E-4DC5-9E98-1F7E3CE69D0D}.Debug|Any CPU.ActiveCfg = Debug|Any CPU
		{87B2E709-562E-4DC5-9E98-1F7E3CE69D0D}.Debug|Any CPU.Build.0 = Debug|Any CPU
		{87B2E709-562E-4DC5-9E98-1F7E3CE69D0D}.Release|Any CPU.ActiveCfg = Release|Any CPU
		{87B2E709-562E-4DC5-9E98-1F7E3CE69D0D}.Release|Any CPU.Build.0 = Release|Any CPU
		{A96168B4-DACA-4871-AB99-63F307FDF13D}.Debug|Any CPU.ActiveCfg = Debug|Any CPU
		{A96168B4-DACA-4871-AB99-63F307FDF13D}.Debug|Any CPU.Build.0 = Debug|Any CPU
		{A96168B4-DACA-4871-AB99-63F307FDF13D}.Release|Any CPU.ActiveCfg = Release|Any CPU
		{A96168B4-DACA-4871-AB99-63F307FDF13D}.Release|Any CPU.Build.0 = Release|Any CPU
		{1EF96870-C6B4-49F0-AA49-F5DCF6BABB8C}.Debug|Any CPU.ActiveCfg = Debug|Any CPU
		{1EF96870-C6B4-49F0-AA49-F5DCF6BABB8C}.Debug|Any CPU.Build.0 = Debug|Any CPU
		{1EF96870-C6B4-49F0-AA49-F5DCF6BABB8C}.Release|Any CPU.ActiveCfg = Release|Any CPU
		{1EF96870-C6B4-49F0-AA49-F5DCF6BABB8C}.Release|Any CPU.Build.0 = Release|Any CPU
		{02C092AD-58F8-411E-8359-4E0E2B36A0A3}.Debug|Any CPU.ActiveCfg = Debug|Any CPU
		{02C092AD-58F8-411E-8359-4E0E2B36A0A3}.Debug|Any CPU.Build.0 = Debug|Any CPU
		{02C092AD-58F8-411E-8359-4E0E2B36A0A3}.Release|Any CPU.ActiveCfg = Release|Any CPU
		{02C092AD-58F8-411E-8359-4E0E2B36A0A3}.Release|Any CPU.Build.0 = Release|Any CPU
		{DE71787D-881C-4B49-ABF8-C6F5BE7EE2CA}.Debug|Any CPU.ActiveCfg = Debug|Any CPU
		{DE71787D-881C-4B49-ABF8-C6F5BE7EE2CA}.Debug|Any CPU.Build.0 = Debug|Any CPU
		{DE71787D-881C-4B49-ABF8-C6F5BE7EE2CA}.Release|Any CPU.ActiveCfg = Release|Any CPU
		{DE71787D-881C-4B49-ABF8-C6F5BE7EE2CA}.Release|Any CPU.Build.0 = Release|Any CPU
		{C3566276-C48D-4EFB-8819-0BA4532D487C}.Debug|Any CPU.ActiveCfg = Debug|Any CPU
		{C3566276-C48D-4EFB-8819-0BA4532D487C}.Debug|Any CPU.Build.0 = Debug|Any CPU
		{C3566276-C48D-4EFB-8819-0BA4532D487C}.Release|Any CPU.ActiveCfg = Release|Any CPU
		{C3566276-C48D-4EFB-8819-0BA4532D487C}.Release|Any CPU.Build.0 = Release|Any CPU
		{3B475E48-1207-48EA-98E9-F48AB9B2F7C7}.Debug|Any CPU.ActiveCfg = Debug|Any CPU
		{3B475E48-1207-48EA-98E9-F48AB9B2F7C7}.Debug|Any CPU.Build.0 = Debug|Any CPU
		{3B475E48-1207-48EA-98E9-F48AB9B2F7C7}.Release|Any CPU.ActiveCfg = Release|Any CPU
		{3B475E48-1207-48EA-98E9-F48AB9B2F7C7}.Release|Any CPU.Build.0 = Release|Any CPU
		{135D14C9-99A4-4AB6-93F3-C00D395BB443}.Debug|Any CPU.ActiveCfg = Debug|Any CPU
		{135D14C9-99A4-4AB6-93F3-C00D395BB443}.Debug|Any CPU.Build.0 = Debug|Any CPU
		{135D14C9-99A4-4AB6-93F3-C00D395BB443}.Release|Any CPU.ActiveCfg = Release|Any CPU
		{135D14C9-99A4-4AB6-93F3-C00D395BB443}.Release|Any CPU.Build.0 = Release|Any CPU
		{444DE67B-223C-410E-96A6-C196BA01E4E6}.Debug|Any CPU.ActiveCfg = Debug|Any CPU
		{444DE67B-223C-410E-96A6-C196BA01E4E6}.Debug|Any CPU.Build.0 = Debug|Any CPU
		{444DE67B-223C-410E-96A6-C196BA01E4E6}.Release|Any CPU.ActiveCfg = Release|Any CPU
		{444DE67B-223C-410E-96A6-C196BA01E4E6}.Release|Any CPU.Build.0 = Release|Any CPU
		{1345B994-82C1-4772-B9F0-A5DA6BB72B34}.Debug|Any CPU.ActiveCfg = Debug|Any CPU
		{1345B994-82C1-4772-B9F0-A5DA6BB72B34}.Debug|Any CPU.Build.0 = Debug|Any CPU
		{1345B994-82C1-4772-B9F0-A5DA6BB72B34}.Release|Any CPU.ActiveCfg = Release|Any CPU
		{1345B994-82C1-4772-B9F0-A5DA6BB72B34}.Release|Any CPU.Build.0 = Release|Any CPU
		{DAC94F6C-802B-47E7-AA14-FAD31425556A}.Debug|Any CPU.ActiveCfg = Debug|Any CPU
		{DAC94F6C-802B-47E7-AA14-FAD31425556A}.Debug|Any CPU.Build.0 = Debug|Any CPU
		{DAC94F6C-802B-47E7-AA14-FAD31425556A}.Release|Any CPU.ActiveCfg = Release|Any CPU
		{DAC94F6C-802B-47E7-AA14-FAD31425556A}.Release|Any CPU.Build.0 = Release|Any CPU
	EndGlobalSection
	GlobalSection(NestedProjects) = preSolution
		{3653E4EA-C2E6-42D9-8C56-3F929A7BDA01} = {FE627AE0-FF87-47E9-AC8C-2EB7C4484B0F}
		{6AC0133E-CA17-4AE0-A4F3-4EC3144B1056} = {FE627AE0-FF87-47E9-AC8C-2EB7C4484B0F}
		{31631418-DD37-45FD-B6F7-CCD8A7B07D9A} = {FE627AE0-FF87-47E9-AC8C-2EB7C4484B0F}
		{87B2E709-562E-4DC5-9E98-1F7E3CE69D0D} = {FE627AE0-FF87-47E9-AC8C-2EB7C4484B0F}
		{A96168B4-DACA-4871-AB99-63F307FDF13D} = {FE627AE0-FF87-47E9-AC8C-2EB7C4484B0F}
		{1EF96870-C6B4-49F0-AA49-F5DCF6BABB8C} = {FE627AE0-FF87-47E9-AC8C-2EB7C4484B0F}
		{02C092AD-58F8-411E-8359-4E0E2B36A0A3} = {FE627AE0-FF87-47E9-AC8C-2EB7C4484B0F}
		{DE71787D-881C-4B49-ABF8-C6F5BE7EE2CA} = {24DD1DD9-454E-456D-809A-3B395936AB2C}
		{C3566276-C48D-4EFB-8819-0BA4532D487C} = {24DD1DD9-454E-456D-809A-3B395936AB2C}
		{3B475E48-1207-48EA-98E9-F48AB9B2F7C7} = {24DD1DD9-454E-456D-809A-3B395936AB2C}
		{135D14C9-99A4-4AB6-93F3-C00D395BB443} = {24DD1DD9-454E-456D-809A-3B395936AB2C}
		{444DE67B-223C-410E-96A6-C196BA01E4E6} = {24DD1DD9-454E-456D-809A-3B395936AB2C}
		{1345B994-82C1-4772-B9F0-A5DA6BB72B34} = {24DD1DD9-454E-456D-809A-3B395936AB2C}
		{DAC94F6C-802B-47E7-AA14-FAD31425556A} = {FE627AE0-FF87-47E9-AC8C-2EB7C4484B0F}
	EndGlobalSection
EndGlobal
